
Microsoft Visual Studio Solution File, Format Version 12.00
# Visual Studio Version 17
VisualStudioVersion = 17.13.35806.99
MinimumVisualStudioVersion = 10.0.40219.1
Project("{FAE04EC0-301F-11D3-BF4B-00C04F79EFBC}") = "CodeFormatter13", "CodeFormatter13\CodeFormatter13.csproj", "{DFF49CD7-AA4F-49C3-9543-F065BB0588A2}"
EndProject
Project("{FAE04EC0-301F-11D3-BF4B-00C04F79EFBC}") = "CodeFormatter13.Dominio", "CodeFormatter13.Dominio\CodeFormatter13.Dominio.csproj", "{88C1B799-FC8E-4864-B38B-B43856FCAC45}"
EndProject
Global
	GlobalSection(SolutionConfigurationPlatforms) = preSolution
		Debug|Any CPU = Debug|Any CPU
		Release|Any CPU = Release|Any CPU
	EndGlobalSection
	GlobalSection(ProjectConfigurationPlatforms) = postSolution
		{DFF49CD7-AA4F-49C3-9543-F065BB0588A2}.Debug|Any CPU.ActiveCfg = Debug|Any CPU
		{DFF49CD7-AA4F-49C3-9543-F065BB0588A2}.Debug|Any CPU.Build.0 = Debug|Any CPU
		{DFF49CD7-AA4F-49C3-9543-F065BB0588A2}.Release|Any CPU.ActiveCfg = Release|Any CPU
		{DFF49CD7-AA4F-49C3-9543-F065BB0588A2}.Release|Any CPU.Build.0 = Release|Any CPU
		{88C1B799-FC8E-4864-B38B-B43856FCAC45}.Debug|Any CPU.ActiveCfg = Debug|Any CPU
		{88C1B799-FC8E-4864-B38B-B43856FCAC45}.Debug|Any CPU.Build.0 = Debug|Any CPU
		{88C1B799-FC8E-4864-B38B-B43856FCAC45}.Release|Any CPU.ActiveCfg = Release|Any CPU
		{88C1B799-FC8E-4864-B38B-B43856FCAC45}.Release|Any CPU.Build.0 = Release|Any CPU
	EndGlobalSection
	GlobalSection(SolutionProperties) = preSolution
		HideSolutionNode = FALSE
	EndGlobalSection
	GlobalSection(ExtensibilityGlobals) = postSolution
		SolutionGuid = {57E0744D-15E7-43D0-834F-002E571E53C8}
	EndGlobalSection
EndGlobal
